github.com/jgolang/config v1.0.0 h1:82b+PKhukzD3QXubdwO5kzEg+maC0IpCM22aJJfunXo=
github.com/jgolang/config v1.0.0/go.mod h1:dk4Mr3XN9DO82mr9PrvBxBTpWhb+ii3kOTwEZsYcDUU=
github.com/jgolang/consumer v0.0.0-20210117105811-036781e4b857 h1:5Qa85ZZxN2OcaRv6MZMhBf6kXuuqCvmNY5i/2d03ytw=
github.com/jgolang/consumer v0.0.0-20210117105811-036781e4b857/go.mod h1:0VAGznCERBlFDfgFZDUOLm081E8iy1Wlqshgjoy34N4=
github.com/jgolang/log v1.2.4 h1:8jQZEvlWmm3c2MMZH39gK2jOOmLyvMDQyBoca4m9UGo=
github.com/jgolang/log v1.2.4/go.mod h1:ZlYeW8iaFNNLFzKFDLSbZki5N1DgvoOjiSOG5ViHpCo=
github.com/jgolang/sirius v1.0.0 h1:rT1kSU4Ja5F4VPj1eg0qxaDWA2HxhZEKi9N+cVNfKBU=
github.com/jgolang/sirius v1.0.0/go.mod h1:SPDEBWiXCgxbcTKXYrFMR6Zovk9QVqA5qfsyGwYQJw0=
github.com/jhuygens/cache v0.0.0-20210117053223-7de147b2a817 h1:+V3+seqnr9xBSBvyWc48iHcCDzMWB715wHJBeA+G7bU=
github.com/jhuygens/cache v0.0.0-20210117053223-7de147b2a817/go.mod h1:p5bR1xAJgE9sbH6fQnOeiECEXJjpXnHghp9CozQlM/4=
github.com/jhuygens/searcher-engine v0.0.0-20210118022047-f69a8886e2d8 h1:/V1d1SJZHSQmXliIGBT7JBL99+QBez8MUxMffCiTNAA=
github.com/jhuygens/searcher-engine v0.0.0-20210118022047-f69a8886e2d8/go.mod h1:ci6+st/fb11ZXsB+8X4oIz3mpdBhL+jbUvxL3vDuGhw=
